// !$*UTF8*$!
{
	archiveVersion = 1;
	classes = {
	};
	objectVersion = 56;
	objects = {

/* Begin PBXBuildFile section */
		D2242CFA2BC9314C00AFF9D2 /* SimpleCalculator.swift in Sources */ = {isa = PBXBuildFile; fileRef = D2242CF92BC9314C00AFF9D2 /* SimpleCalculator.swift */; };
		D2242CFC2BC93C8800AFF9D2 /* SimpleCalculatorViewModel.swift in Sources */ = {isa = PBXBuildFile; fileRef = D2242CFB2BC93C8800AFF9D2 /* SimpleCalculatorViewModel.swift */; };
		D22ADD092BBD58CE00506EA2 /* AppDelegate.swift in Sources */ = {isa = PBXBuildFile; fileRef = D22ADD082BBD58CE00506EA2 /* AppDelegate.swift */; };
		D22ADD0B2BBD58CE00506EA2 /* SceneDelegate.swift in Sources */ = {isa = PBXBuildFile; fileRef = D22ADD0A2BBD58CE00506EA2 /* SceneDelegate.swift */; };
		D22ADD0D2BBD58CE00506EA2 /* ViewController.swift in Sources */ = {isa = PBXBuildFile; fileRef = D22ADD0C2BBD58CE00506EA2 /* ViewController.swift */; };
		D22ADD102BBD58CE00506EA2 /* Base in Resources */ = {isa = PBXBuildFile; fileRef = D22ADD0F2BBD58CE00506EA2 /* Base */; };
		D22ADD122BBD58D000506EA2 /* Assets.xcassets in Resources */ = {isa = PBXBuildFile; fileRef = D22ADD112BBD58D000506EA2 /* Assets.xcassets */; };
		D22ADD152BBD58D000506EA2 /* Base in Resources */ = {isa = PBXBuildFile; fileRef = D22ADD142BBD58D000506EA2 /* Base */; };
		D2870CFB2BC3EA880043D36E /* CustomStackVertical.swift in Sources */ = {isa = PBXBuildFile; fileRef = D2870CFA2BC3EA880043D36E /* CustomStackVertical.swift */; };
		D2870CFF2BC422990043D36E /* RowKeyBoard.swift in Sources */ = {isa = PBXBuildFile; fileRef = D2870CFE2BC422990043D36E /* RowKeyBoard.swift */; };
		D2870D012BC426900043D36E /* DelegateAction.swift in Sources */ = {isa = PBXBuildFile; fileRef = D2870D002BC426900043D36E /* DelegateAction.swift */; };
		D2870D032BC431D30043D36E /* AdvancedCalculator.swift in Sources */ = {isa = PBXBuildFile; fileRef = D2870D022BC431D30043D36E /* AdvancedCalculator.swift */; };
		D2870D072BC56A740043D36E /* CalculatorViewModel.swift in Sources */ = {isa = PBXBuildFile; fileRef = D2870D062BC56A740043D36E /* CalculatorViewModel.swift */; };
		D2AD3F112BBEA8A5009738DA /* Key.swift in Sources */ = {isa = PBXBuildFile; fileRef = D2AD3F102BBEA8A5009738DA /* Key.swift */; };
		D2AD3F142BBEB17A009738DA /* ContentKeyBoard.swift in Sources */ = {isa = PBXBuildFile; fileRef = D2AD3F132BBEB17A009738DA /* ContentKeyBoard.swift */; };
		D2AD3F162BBEB422009738DA /* CalculatorKeys.swift in Sources */ = {isa = PBXBuildFile; fileRef = D2AD3F152BBEB422009738DA /* CalculatorKeys.swift */; };
		D2AD3F1E2BBEDE6D009738DA /* StoryBoardController.swift in Sources */ = {isa = PBXBuildFile; fileRef = D2AD3F1D2BBEDE6D009738DA /* StoryBoardController.swift */; };
/* End PBXBuildFile section */

/* Begin PBXFileReference section */
		D2242CF92BC9314C00AFF9D2 /* SimpleCalculator.swift */ = {isa = PBXFileReference; lastKnownFileType = sourcecode.swift; path = SimpleCalculator.swift; sourceTree = "<group>"; };
		D2242CFB2BC93C8800AFF9D2 /* SimpleCalculatorViewModel.swift */ = {isa = PBXFileReference; lastKnownFileType = sourcecode.swift; path = SimpleCalculatorViewModel.swift; sourceTree = "<group>"; };
		D22ADD052BBD58CE00506EA2 /* CalculadoraDos.app */ = {isa = PBXFileReference; explicitFileType = wrapper.application; includeInIndex = 0; path = CalculadoraDos.app; sourceTree = BUILT_PRODUCTS_DIR; };
		D22ADD082BBD58CE00506EA2 /* AppDelegate.swift */ = {isa = PBXFileReference; lastKnownFileType = sourcecode.swift; path = AppDelegate.swift; sourceTree = "<group>"; };
		D22ADD0A2BBD58CE00506EA2 /* SceneDelegate.swift */ = {isa = PBXFileReference; lastKnownFileType = sourcecode.swift; path = SceneDelegate.swift; sourceTree = "<group>"; };
		D22ADD0C2BBD58CE00506EA2 /* ViewController.swift */ = {isa = PBXFileReference; lastKnownFileType = sourcecode.swift; path = ViewController.swift; sourceTree = "<group>"; };
		D22ADD0F2BBD58CE00506EA2 /* Base */ = {isa = PBXFileReference; lastKnownFileType = file.storyboard; name = Base; path = Base.lproj/Main.storyboard; sourceTree = "<group>"; };
		D22ADD112BBD58D000506EA2 /* Assets.xcassets */ = {isa = PBXFileReference; lastKnownFileType = folder.assetcatalog; path = Assets.xcassets; sourceTree = "<group>"; };
		D22ADD142BBD58D000506EA2 /* Base */ = {isa = PBXFileReference; lastKnownFileType = file.storyboard; name = Base; path = Base.lproj/LaunchScreen.storyboard; sourceTree = "<group>"; };
		D22ADD162BBD58D000506EA2 /* Info.plist */ = {isa = PBXFileReference; lastKnownFileType = text.plist.xml; path = Info.plist; sourceTree = "<group>"; };
		D2870CFA2BC3EA880043D36E /* CustomStackVertical.swift */ = {isa = PBXFileReference; lastKnownFileType = sourcecode.swift; path = CustomStackVertical.swift; sourceTree = "<group>"; };
		D2870CFE2BC422990043D36E /* RowKeyBoard.swift */ = {isa = PBXFileReference; lastKnownFileType = sourcecode.swift; path = RowKeyBoard.swift; sourceTree = "<group>"; };
		D2870D002BC426900043D36E /* DelegateAction.swift */ = {isa = PBXFileReference; lastKnownFileType = sourcecode.swift; path = DelegateAction.swift; sourceTree = "<group>"; };
		D2870D022BC431D30043D36E /* AdvancedCalculator.swift */ = {isa = PBXFileReference; lastKnownFileType = sourcecode.swift; path = AdvancedCalculator.swift; sourceTree = "<group>"; };
		D2870D062BC56A740043D36E /* CalculatorViewModel.swift */ = {isa = PBXFileReference; lastKnownFileType = sourcecode.swift; path = CalculatorViewModel.swift; sourceTree = "<group>"; };
		D2AD3F102BBEA8A5009738DA /* Key.swift */ = {isa = PBXFileReference; lastKnownFileType = sourcecode.swift; path = Key.swift; sourceTree = "<group>"; };
		D2AD3F132BBEB17A009738DA /* ContentKeyBoard.swift */ = {isa = PBXFileReference; lastKnownFileType = sourcecode.swift; path = ContentKeyBoard.swift; sourceTree = "<group>"; };
		D2AD3F152BBEB422009738DA /* CalculatorKeys.swift */ = {isa = PBXFileReference; lastKnownFileType = sourcecode.swift; path = CalculatorKeys.swift; sourceTree = "<group>"; };
		D2AD3F1D2BBEDE6D009738DA /* StoryBoardController.swift */ = {isa = PBXFileReference; lastKnownFileType = sourcecode.swift; path = StoryBoardController.swift; sourceTree = "<group>"; };
/* End PBXFileReference section */

/* Begin PBXFrameworksBuildPhase section */
		D22ADD022BBD58CE00506EA2 /* Frameworks */ = {
			isa = PBXFrameworksBuildPhase;
			buildActionMask = 2147483647;
			files = (
			);
			runOnlyForDeploymentPostprocessing = 0;
		};
/* End PBXFrameworksBuildPhase section */

/* Begin PBXGroup section */
		D2242CF82BC92C5E00AFF9D2 /* ViewModel */ = {
			isa = PBXGroup;
			children = (
				D2242CFE2BC9436600AFF9D2 /* SimpleCalculator */,
				D2242CFD2BC9435400AFF9D2 /* AdvanceCalculator */,
			);
			path = ViewModel;
			sourceTree = "<group>";
		};
		D2242CFD2BC9435400AFF9D2 /* AdvanceCalculator */ = {
			isa = PBXGroup;
			children = (
				D2870D022BC431D30043D36E /* AdvancedCalculator.swift */,
				D2870D062BC56A740043D36E /* CalculatorViewModel.swift */,
			);
			path = AdvanceCalculator;
			sourceTree = "<group>";
		};
		D2242CFE2BC9436600AFF9D2 /* SimpleCalculator */ = {
			isa = PBXGroup;
			children = (
				D2242CF92BC9314C00AFF9D2 /* SimpleCalculator.swift */,
				D2242CFB2BC93C8800AFF9D2 /* SimpleCalculatorViewModel.swift */,
			);
			path = SimpleCalculator;
			sourceTree = "<group>";
		};
		D22ADCFC2BBD58CE00506EA2 = {
			isa = PBXGroup;
			children = (
				D22ADD072BBD58CE00506EA2 /* CalculadoraDos */,
				D22ADD062BBD58CE00506EA2 /* Products */,
			);
			sourceTree = "<group>";
		};
		D22ADD062BBD58CE00506EA2 /* Products */ = {
			isa = PBXGroup;
			children = (
				D22ADD052BBD58CE00506EA2 /* CalculadoraDos.app */,
			);
			name = Products;
			sourceTree = "<group>";
		};
		D22ADD072BBD58CE00506EA2 /* CalculadoraDos */ = {
			isa = PBXGroup;
			children = (
				D2242CF82BC92C5E00AFF9D2 /* ViewModel */,
				D2870CF92BC3E24B0043D36E /* View */,
				D2AD3F1A2BBED1C1009738DA /* Model */,
				D22ADD082BBD58CE00506EA2 /* AppDelegate.swift */,
				D22ADD0A2BBD58CE00506EA2 /* SceneDelegate.swift */,
				D22ADD112BBD58D000506EA2 /* Assets.xcassets */,
				D22ADD132BBD58D000506EA2 /* LaunchScreen.storyboard */,
				D22ADD162BBD58D000506EA2 /* Info.plist */,
			);
			path = CalculadoraDos;
			sourceTree = "<group>";
		};
		D2870CF92BC3E24B0043D36E /* View */ = {
			isa = PBXGroup;
			children = (
				D2AD3F172BBEB924009738DA /* Controllers */,
				D22ADD0E2BBD58CE00506EA2 /* Main.storyboard */,
				D2AD3F0D2BBEA745009738DA /* Components */,
			);
			path = View;
			sourceTree = "<group>";
		};
		D2AD3F0D2BBEA745009738DA /* Components */ = {
			isa = PBXGroup;
			children = (
				D2AD3F102BBEA8A5009738DA /* Key.swift */,
				D2AD3F132BBEB17A009738DA /* ContentKeyBoard.swift */,
				D2870CFA2BC3EA880043D36E /* CustomStackVertical.swift */,
				D2870CFE2BC422990043D36E /* RowKeyBoard.swift */,
			);
			path = Components;
			sourceTree = "<group>";
		};
		D2AD3F172BBEB924009738DA /* Controllers */ = {
			isa = PBXGroup;
			children = (
				D22ADD0C2BBD58CE00506EA2 /* ViewController.swift */,
				D2AD3F1D2BBEDE6D009738DA /* StoryBoardController.swift */,
				D2870D002BC426900043D36E /* DelegateAction.swift */,
			);
			path = Controllers;
			sourceTree = "<group>";
		};
		D2AD3F1A2BBED1C1009738DA /* Model */ = {
			isa = PBXGroup;
			children = (
				D2AD3F152BBEB422009738DA /* CalculatorKeys.swift */,
			);
			path = Model;
			sourceTree = "<group>";
		};
/* End PBXGroup section */

/* Begin PBXNativeTarget section */
		D22ADD042BBD58CE00506EA2 /* CalculadoraDos */ = {
			isa = PBXNativeTarget;
			buildConfigurationList = D22ADD2F2BBD58D000506EA2 /* Build configuration list for PBXNativeTarget "CalculadoraDos" */;
			buildPhases = (
				D22ADD012BBD58CE00506EA2 /* Sources */,
				D22ADD022BBD58CE00506EA2 /* Frameworks */,
				D22ADD032BBD58CE00506EA2 /* Resources */,
				32A502A02BBFFDBB00E5B2DA /* ShellScript */,
			);
			buildRules = (
			);
			dependencies = (
			);
			name = CalculadoraDos;
			productName = CalculadoraDos;
			productReference = D22ADD052BBD58CE00506EA2 /* CalculadoraDos.app */;
			productType = "com.apple.product-type.application";
		};
/* End PBXNativeTarget section */

/* Begin PBXProject section */
		D22ADCFD2BBD58CE00506EA2 /* Project object */ = {
			isa = PBXProject;
			attributes = {
				BuildIndependentTargetsInParallel = 1;
				LastSwiftUpdateCheck = 1530;
				LastUpgradeCheck = 1530;
				TargetAttributes = {
					D22ADD042BBD58CE00506EA2 = {
						CreatedOnToolsVersion = 15.3;
					};
				};
			};
			buildConfigurationList = D22ADD002BBD58CE00506EA2 /* Build configuration list for PBXProject "CalculadoraDos" */;
			compatibilityVersion = "Xcode 14.0";
			developmentRegion = en;
			hasScannedForEncodings = 0;
			knownRegions = (
				en,
				Base,
			);
			mainGroup = D22ADCFC2BBD58CE00506EA2;
			productRefGroup = D22ADD062BBD58CE00506EA2 /* Products */;
			projectDirPath = "";
			projectRoot = "";
			targets = (
				D22ADD042BBD58CE00506EA2 /* CalculadoraDos */,
			);
		};
/* End PBXProject section */

/* Begin PBXResourcesBuildPhase section */
		D22ADD032BBD58CE00506EA2 /* Resources */ = {
			isa = PBXResourcesBuildPhase;
			buildActionMask = 2147483647;
			files = (
				D22ADD122BBD58D000506EA2 /* Assets.xcassets in Resources */,
				D22ADD152BBD58D000506EA2 /* Base in Resources */,
				D22ADD102BBD58CE00506EA2 /* Base in Resources */,
			);
			runOnlyForDeploymentPostprocessing = 0;
		};
/* End PBXResourcesBuildPhase section */

/* Begin PBXShellScriptBuildPhase section */
		32A502A02BBFFDBB00E5B2DA /* ShellScript */ = {
			isa = PBXShellScriptBuildPhase;
			buildActionMask = 2147483647;
			files = (
			);
			inputFileListPaths = (
			);
			inputPaths = (
			);
			outputFileListPaths = (
			);
			outputPaths = (
			);
			runOnlyForDeploymentPostprocessing = 0;
			shellPath = /bin/sh;
			shellScript = "if [[ \"$(uname -m)\" == arm64 ]]; then\n    export PATH=\"/opt/homebrew/bin:$PATH\"\nfi\n\nif which swiftlint > /dev/null; then\n  swiftlint\nelse\n  echo \"warning: SwiftLint not installed, download from https://github.com/realm/SwiftLint\"\nfi\n";
		};
/* End PBXShellScriptBuildPhase section */

/* Begin PBXSourcesBuildPhase section */
		D22ADD012BBD58CE00506EA2 /* Sources */ = {
			isa = PBXSourcesBuildPhase;
			buildActionMask = 2147483647;
			files = (
				D2870CFF2BC422990043D36E /* RowKeyBoard.swift in Sources */,
				D22ADD0D2BBD58CE00506EA2 /* ViewController.swift in Sources */,
				D2242CFA2BC9314C00AFF9D2 /* SimpleCalculator.swift in Sources */,
				D22ADD092BBD58CE00506EA2 /* AppDelegate.swift in Sources */,
				D2870D012BC426900043D36E /* DelegateAction.swift in Sources */,
				D2AD3F1E2BBEDE6D009738DA /* StoryBoardController.swift in Sources */,
				D2242CFC2BC93C8800AFF9D2 /* SimpleCalculatorViewModel.swift in Sources */,
				D2870D032BC431D30043D36E /* AdvancedCalculator.swift in Sources */,
				D2AD3F112BBEA8A5009738DA /* Key.swift in Sources */,
				D2AD3F162BBEB422009738DA /* CalculatorKeys.swift in Sources */,
				D22ADD0B2BBD58CE00506EA2 /* SceneDelegate.swift in Sources */,
				D2AD3F142BBEB17A009738DA /* ContentKeyBoard.swift in Sources */,
				D2870CFB2BC3EA880043D36E /* CustomStackVertical.swift in Sources */,
				D2870D072BC56A740043D36E /* CalculatorViewModel.swift in Sources */,
			);
			runOnlyForDeploymentPostprocessing = 0;
		};
/* End PBXSourcesBuildPhase section */

/* Begin PBXVariantGroup section */
		D22ADD0E2BBD58CE00506EA2 /* Main.storyboard */ = {
			isa = PBXVariantGroup;
			children = (
				D22ADD0F2BBD58CE00506EA2 /* Base */,
			);
			name = Main.storyboard;
			sourceTree = "<group>";
		};
		D22ADD132BBD58D000506EA2 /* LaunchScreen.storyboard */ = {
			isa = PBXVariantGroup;
			children = (
				D22ADD142BBD58D000506EA2 /* Base */,
			);
			name = LaunchScreen.storyboard;
			sourceTree = "<group>";
		};
/* End PBXVariantGroup section */

/* Begin XCBuildConfiguration section */
		D22ADD2D2BBD58D000506EA2 /* Debug */ = {
			isa = XCBuildConfiguration;
			buildSettings = {
				ALWAYS_SEARCH_USER_PATHS = NO;
				ASSETCATALOG_COMPILER_GENERATE_SWIFT_ASSET_SYMBOL_EXTENSIONS = YES;
				CLANG_ANALYZER_NONNULL = YES;
				CLANG_ANALYZER_NUMBER_OBJECT_CONVERSION = YES_AGGRESSIVE;
				CLANG_CXX_LANGUAGE_STANDARD = "gnu++20";
				CLANG_ENABLE_MODULES = YES;
				CLANG_ENABLE_OBJC_ARC = YES;
				CLANG_ENABLE_OBJC_WEAK = YES;
				CLANG_WARN_BLOCK_CAPTURE_AUTORELEASING = YES;
				CLANG_WARN_BOOL_CONVERSION = YES;
				CLANG_WARN_COMMA = YES;
				CLANG_WARN_CONSTANT_CONVERSION = YES;
				CLANG_WARN_DEPRECATED_OBJC_IMPLEMENTATIONS = YES;
				CLANG_WARN_DIRECT_OBJC_ISA_USAGE = YES_ERROR;
				CLANG_WARN_DOCUMENTATION_COMMENTS = YES;
				CLANG_WARN_EMPTY_BODY = YES;
				CLANG_WARN_ENUM_CONVERSION = YES;
				CLANG_WARN_INFINITE_RECURSION = YES;
				CLANG_WARN_INT_CONVERSION = YES;
				CLANG_WARN_NON_LITERAL_NULL_CONVERSION = YES;
				CLANG_WARN_OBJC_IMPLICIT_RETAIN_SELF = YES;
				CLANG_WARN_OBJC_LITERAL_CONVERSION = YES;
				CLANG_WARN_OBJC_ROOT_CLASS = YES_ERROR;
				CLANG_WARN_QUOTED_INCLUDE_IN_FRAMEWORK_HEADER = YES;
				CLANG_WARN_RANGE_LOOP_ANALYSIS = YES;
				CLANG_WARN_STRICT_PROTOTYPES = YES;
				CLANG_WARN_SUSPICIOUS_MOVE = YES;
				CLANG_WARN_UNGUARDED_AVAILABILITY = YES_AGGRESSIVE;
				CLANG_WARN_UNREACHABLE_CODE = YES;
				CLANG_WARN__DUPLICATE_METHOD_MATCH = YES;
				COPY_PHASE_STRIP = NO;
				DEBUG_INFORMATION_FORMAT = dwarf;
				ENABLE_STRICT_OBJC_MSGSEND = YES;
				ENABLE_TESTABILITY = YES;
				ENABLE_USER_SCRIPT_SANDBOXING = YES;
				GCC_C_LANGUAGE_STANDARD = gnu17;
				GCC_DYNAMIC_NO_PIC = NO;
				GCC_NO_COMMON_BLOCKS = YES;
				GCC_OPTIMIZATION_LEVEL = 0;
				GCC_PREPROCESSOR_DEFINITIONS = (
					"DEBUG=1",
					"$(inherited)",
				);
				GCC_WARN_64_TO_32_BIT_CONVERSION = YES;
				GCC_WARN_ABOUT_RETURN_TYPE = YES_ERROR;
				GCC_WARN_UNDECLARED_SELECTOR = YES;
				GCC_WARN_UNINITIALIZED_AUTOS = YES_AGGRESSIVE;
				GCC_WARN_UNUSED_FUNCTION = YES;
				GCC_WARN_UNUSED_VARIABLE = YES;
				IPHONEOS_DEPLOYMENT_TARGET = 17.4;
				LOCALIZATION_PREFERS_STRING_CATALOGS = YES;
				MTL_ENABLE_DEBUG_INFO = INCLUDE_SOURCE;
				MTL_FAST_MATH = YES;
				ONLY_ACTIVE_ARCH = YES;
				SDKROOT = iphoneos;
				SWIFT_ACTIVE_COMPILATION_CONDITIONS = "DEBUG $(inherited)";
				SWIFT_OPTIMIZATION_LEVEL = "-Onone";
			};
			name = Debug;
		};
		D22ADD2E2BBD58D000506EA2 /* Release */ = {
			isa = XCBuildConfiguration;
			buildSettings = {
				ALWAYS_SEARCH_USER_PATHS = NO;
				ASSETCATALOG_COMPILER_GENERATE_SWIFT_ASSET_SYMBOL_EXTENSIONS = YES;
				CLANG_ANALYZER_NONNULL = YES;
				CLANG_ANALYZER_NUMBER_OBJECT_CONVERSION = YES_AGGRESSIVE;
				CLANG_CXX_LANGUAGE_STANDARD = "gnu++20";
				CLANG_ENABLE_MODULES = YES;
				CLANG_ENABLE_OBJC_ARC = YES;
				CLANG_ENABLE_OBJC_WEAK = YES;
				CLANG_WARN_BLOCK_CAPTURE_AUTORELEASING = YES;
				CLANG_WARN_BOOL_CONVERSION = YES;
				CLANG_WARN_COMMA = YES;
				CLANG_WARN_CONSTANT_CONVERSION = YES;
				CLANG_WARN_DEPRECATED_OBJC_IMPLEMENTATIONS = YES;
				CLANG_WARN_DIRECT_OBJC_ISA_USAGE = YES_ERROR;
				CLANG_WARN_DOCUMENTATION_COMMENTS = YES;
				CLANG_WARN_EMPTY_BODY = YES;
				CLANG_WARN_ENUM_CONVERSION = YES;
				CLANG_WARN_INFINITE_RECURSION = YES;
				CLANG_WARN_INT_CONVERSION = YES;
				CLANG_WARN_NON_LITERAL_NULL_CONVERSION = YES;
				CLANG_WARN_OBJC_IMPLICIT_RETAIN_SELF = YES;
				CLANG_WARN_OBJC_LITERAL_CONVERSION = YES;
				CLANG_WARN_OBJC_ROOT_CLASS = YES_ERROR;
				CLANG_WARN_QUOTED_INCLUDE_IN_FRAMEWORK_HEADER = YES;
				CLANG_WARN_RANGE_LOOP_ANALYSIS = YES;
				CLANG_WARN_STRICT_PROTOTYPES = YES;
				CLANG_WARN_SUSPICIOUS_MOVE = YES;
				CLANG_WARN_UNGUARDED_AVAILABILITY = YES_AGGRESSIVE;
				CLANG_WARN_UNREACHABLE_CODE = YES;
				CLANG_WARN__DUPLICATE_METHOD_MATCH = YES;
				COPY_PHASE_STRIP = NO;
				DEBUG_INFORMATION_FORMAT = "dwarf-with-dsym";
				ENABLE_NS_ASSERTIONS = NO;
				ENABLE_STRICT_OBJC_MSGSEND = YES;
				ENABLE_USER_SCRIPT_SANDBOXING = YES;
				GCC_C_LANGUAGE_STANDARD = gnu17;
				GCC_NO_COMMON_BLOCKS = YES;
				GCC_WARN_64_TO_32_BIT_CONVERSION = YES;
				GCC_WARN_ABOUT_RETURN_TYPE = YES_ERROR;
				GCC_WARN_UNDECLARED_SELECTOR = YES;
				GCC_WARN_UNINITIALIZED_AUTOS = YES_AGGRESSIVE;
				GCC_WARN_UNUSED_FUNCTION = YES;
				GCC_WARN_UNUSED_VARIABLE = YES;
				IPHONEOS_DEPLOYMENT_TARGET = 17.4;
				LOCALIZATION_PREFERS_STRING_CATALOGS = YES;
				MTL_ENABLE_DEBUG_INFO = NO;
				MTL_FAST_MATH = YES;
				SDKROOT = iphoneos;
				SWIFT_COMPILATION_MODE = wholemodule;
				VALIDATE_PRODUCT = YES;
			};
			name = Release;
		};
		D22ADD302BBD58D000506EA2 /* Debug */ = {
			isa = XCBuildConfiguration;
			buildSettings = {
				ASSETCATALOG_COMPILER_APPICON_NAME = AppIcon;
				ASSETCATALOG_COMPILER_GLOBAL_ACCENT_COLOR_NAME = AccentColor;
				CODE_SIGN_STYLE = Automatic;
				CURRENT_PROJECT_VERSION = 1;
				ENABLE_USER_SCRIPT_SANDBOXING = NO;
				GENERATE_INFOPLIST_FILE = YES;
				INFOPLIST_FILE = CalculadoraDos/Info.plist;
				INFOPLIST_KEY_UIApplicationSupportsIndirectInputEvents = YES;
				INFOPLIST_KEY_UILaunchStoryboardName = LaunchScreen;
				INFOPLIST_KEY_UIMainStoryboardFile = Main;
				INFOPLIST_KEY_UISupportedInterfaceOrientations = UIInterfaceOrientationPortrait;
				INFOPLIST_KEY_UISupportedInterfaceOrientations_iPad = "UIInterfaceOrientationLandscapeLeft UIInterfaceOrientationLandscapeRight UIInterfaceOrientationPortrait UIInterfaceOrientationPortraitUpsideDown";
				LD_RUNPATH_SEARCH_PATHS = (
					"$(inherited)",
					"@executable_path/Frameworks",
				);
				MARKETING_VERSION = 1.0;
				PRODUCT_BUNDLE_IDENTIFIER = com.plexus.luis.CalculadoraDos;
				PRODUCT_NAME = "$(TARGET_NAME)";
				SWIFT_EMIT_LOC_STRINGS = YES;
				SWIFT_VERSION = 5.0;
				TARGETED_DEVICE_FAMILY = "1,2";
			};
			name = Debug;
		};
		D22ADD312BBD58D000506EA2 /* Release */ = {
			isa = XCBuildConfiguration;
			buildSettings = {
				ASSETCATALOG_COMPILER_APPICON_NAME = AppIcon;
				ASSETCATALOG_COMPILER_GLOBAL_ACCENT_COLOR_NAME = AccentColor;
				CODE_SIGN_STYLE = Automatic;
				CURRENT_PROJECT_VERSION = 1;
				ENABLE_USER_SCRIPT_SANDBOXING = NO;
				GENERATE_INFOPLIST_FILE = YES;
				INFOPLIST_FILE = CalculadoraDos/Info.plist;
				INFOPLIST_KEY_UIApplicationSupportsIndirectInputEvents = YES;
				INFOPLIST_KEY_UILaunchStoryboardName = LaunchScreen;
				INFOPLIST_KEY_UIMainStoryboardFile = Main;
				INFOPLIST_KEY_UISupportedInterfaceOrientations = UIInterfaceOrientationPortrait;
				INFOPLIST_KEY_UISupportedInterfaceOrientations_iPad = "UIInterfaceOrientationLandscapeLeft UIInterfaceOrientationLandscapeRight UIInterfaceOrientationPortrait UIInterfaceOrientationPortraitUpsideDown";
				LD_RUNPATH_SEARCH_PATHS = (
					"$(inherited)",
					"@executable_path/Frameworks",
				);
				MARKETING_VERSION = 1.0;
				PRODUCT_BUNDLE_IDENTIFIER = com.plexus.luis.CalculadoraDos;
				PRODUCT_NAME = "$(TARGET_NAME)";
				SWIFT_EMIT_LOC_STRINGS = YES;
				SWIFT_VERSION = 5.0;
				TARGETED_DEVICE_FAMILY = "1,2";
			};
			name = Release;
		};
/* End XCBuildConfiguration section */

/* Begin XCConfigurationList section */
		D22ADD002BBD58CE00506EA2 /* Build configuration list for PBXProject "CalculadoraDos" */ = {
			isa = XCConfigurationList;
			buildConfigurations = (
				D22ADD2D2BBD58D000506EA2 /* Debug */,
				D22ADD2E2BBD58D000506EA2 /* Release */,
			);
			defaultConfigurationIsVisible = 0;
			defaultConfigurationName = Release;
		};
		D22ADD2F2BBD58D000506EA2 /* Build configuration list for PBXNativeTarget "CalculadoraDos" */ = {
			isa = XCConfigurationList;
			buildConfigurations = (
				D22ADD302BBD58D000506EA2 /* Debug */,
				D22ADD312BBD58D000506EA2 /* Release */,
			);
			defaultConfigurationIsVisible = 0;
			defaultConfigurationName = Release;
		};
/* End XCConfigurationList section */
	};
	rootObject = D22ADCFD2BBD58CE00506EA2 /* Project object */;
}
